
Microsoft Visual Studio Solution File, Format Version 12.00
# Visual Studio Version 17
VisualStudioVersion = 17.10.35013.160
MinimumVisualStudioVersion = 10.0.40219.1
Project("{FAE04EC0-301F-11D3-BF4B-00C04F79EFBC}") = "MusicSchoolXml", "MusicSchoolXml\MusicSchoolXml.csproj", "{906402FF-2CB3-4A79-B775-5A14C7C55B7D}"
EndProject
Global
	GlobalSection(SolutionConfigurationPlatforms) = preSolution
		Debug|Any CPU = Debug|Any CPU
		Release|Any CPU = Release|Any CPU
	EndGlobalSection
	GlobalSection(ProjectConfigurationPlatforms) = postSolution
		{906402FF-2CB3-4A79-B775-5A14C7C55B7D}.Debug|Any CPU.ActiveCfg = Debug|Any CPU
		{906402FF-2CB3-4A79-B775-5A14C7C55B7D}.Debug|Any CPU.Build.0 = Debug|Any CPU
		{906402FF-2CB3-4A79-B775-5A14C7C55B7D}.Release|Any CPU.ActiveCfg = Release|Any CPU
		{906402FF-2CB3-4A79-B775-5A14C7C55B7D}.Release|Any CPU.Build.0 = Release|Any CPU
	EndGlobalSection
	GlobalSection(SolutionProperties) = preSolution
		HideSolutionNode = FALSE
	EndGlobalSection
	GlobalSection(ExtensibilityGlobals) = postSolution
		SolutionGuid = {2A7FC1BF-DCD3-4806-854F-9519AF50DB50}
	EndGlobalSection
EndGlobal
